
Microsoft Visual Studio Solution File, Format Version 12.00
# Visual Studio Version 17
VisualStudioVersion = 17.0.31903.59
MinimumVisualStudioVersion = 10.0.40219.1
Project("{FAE04EC0-301F-11D3-BF4B-00C04F79EFBC}") = "BobDust.Core", "BobDust.Core\BobDust.Core.csproj", "{5C765CB6-C2BE-4522-94B4-43B1A35D327A}"
EndProject
Project("{FAE04EC0-301F-11D3-BF4B-00C04F79EFBC}") = "BobDust.Rpc.Sockets", "BobDust.Rpc.Sockets\BobDust.Rpc.Sockets.csproj", "{8118E3E3-7782-4838-BAF3-2A00388F7717}"
EndProject
Project("{FAE04EC0-301F-11D3-BF4B-00C04F79EFBC}") = "BobDust.Rpc.Sockets.Abstractions", "BobDust.Rpc.Sockets.Abstractions\BobDust.Rpc.Sockets.Abstractions.csproj", "{F9E0E8D8-917E-4FE8-AC87-1004A9904AB5}"
EndProject
Project("{FAE04EC0-301F-11D3-BF4B-00C04F79EFBC}") = "BobDust.Rpc.Sockets.HelloWorld", "BobDust.Rpc.Sockets.HelloWorld\BobDust.Rpc.Sockets.HelloWorld.csproj", "{3D82F128-D877-46E0-AC7F-749E2DBDCBB8}"
EndProject
Project("{FAE04EC0-301F-11D3-BF4B-00C04F79EFBC}") = "BobDust.Rpc.Sockets.ServerSample", "BobDust.Rpc.Sockets.ServerSample\BobDust.Rpc.Sockets.ServerSample.csproj", "{DAB25B2D-B5C6-4578-B975-3FD91E8EFE29}"
EndProject
Global
	GlobalSection(SolutionConfigurationPlatforms) = preSolution
		Debug|Any CPU = Debug|Any CPU
		Release|Any CPU = Release|Any CPU
	EndGlobalSection
	GlobalSection(ProjectConfigurationPlatforms) = postSolution
		{5C765CB6-C2BE-4522-94B4-43B1A35D327A}.Debug|Any CPU.ActiveCfg = Debug|Any CPU
		{5C765CB6-C2BE-4522-94B4-43B1A35D327A}.Debug|Any CPU.Build.0 = Debug|Any CPU
		{5C765CB6-C2BE-4522-94B4-43B1A35D327A}.Release|Any CPU.ActiveCfg = Release|Any CPU
		{5C765CB6-C2BE-4522-94B4-43B1A35D327A}.Release|Any CPU.Build.0 = Release|Any CPU
		{8118E3E3-7782-4838-BAF3-2A00388F7717}.Debug|Any CPU.ActiveCfg = Debug|Any CPU
		{8118E3E3-7782-4838-BAF3-2A00388F7717}.Debug|Any CPU.Build.0 = Debug|Any CPU
		{8118E3E3-7782-4838-BAF3-2A00388F7717}.Release|Any CPU.ActiveCfg = Release|Any CPU
		{8118E3E3-7782-4838-BAF3-2A00388F7717}.Release|Any CPU.Build.0 = Release|Any CPU
		{F9E0E8D8-917E-4FE8-AC87-1004A9904AB5}.Debug|Any CPU.ActiveCfg = Debug|Any CPU
		{F9E0E8D8-917E-4FE8-AC87-1004A9904AB5}.Debug|Any CPU.Build.0 = Debug|Any CPU
		{F9E0E8D8-917E-4FE8-AC87-1004A9904AB5}.Release|Any CPU.ActiveCfg = Release|Any CPU
		{F9E0E8D8-917E-4FE8-AC87-1004A9904AB5}.Release|Any CPU.Build.0 = Release|Any CPU
		{3D82F128-D877-46E0-AC7F-749E2DBDCBB8}.Debug|Any CPU.ActiveCfg = Debug|Any CPU
		{3D82F128-D877-46E0-AC7F-749E2DBDCBB8}.Debug|Any CPU.Build.0 = Debug|Any CPU
		{3D82F128-D877-46E0-AC7F-749E2DBDCBB8}.Release|Any CPU.ActiveCfg = Release|Any CPU
		{3D82F128-D877-46E0-AC7F-749E2DBDCBB8}.Release|Any CPU.Build.0 = Release|Any CPU
		{DAB25B2D-B5C6-4578-B975-3FD91E8EFE29}.Debug|Any CPU.ActiveCfg = Debug|Any CPU
		{DAB25B2D-B5C6-4578-B975-3FD91E8EFE29}.Debug|Any CPU.Build.0 = Debug|Any CPU
		{DAB25B2D-B5C6-4578-B975-3FD91E8EFE29}.Release|Any CPU.ActiveCfg = Release|Any CPU
		{DAB25B2D-B5C6-4578-B975-3FD91E8EFE29}.Release|Any CPU.Build.0 = Release|Any CPU
	EndGlobalSection
	GlobalSection(SolutionProperties) = preSolution
		HideSolutionNode = FALSE
	EndGlobalSection
EndGlobal
